
Microsoft Visual Studio Solution File, Format Version 12.00
# Visual Studio Version 16
VisualStudioVersion = 16.0.31321.278
MinimumVisualStudioVersion = 10.0.40219.1
Project("{FAE04EC0-301F-11D3-BF4B-00C04F79EFBC}") = "CryptoCurrencyApi", "CryptoCurrencyApi.csproj", "{FDBD16FD-F415-4741-B16A-92F9C3B826B4}"
EndProject
Project("{2150E333-8FDC-42A3-9474-1A3956D46DE8}") = "IntegrationLayer", "IntegrationLayer", "{754C0997-EC60-4196-BECE-1E58ADCC167B}"
EndProject
Project("{FAE04EC0-301F-11D3-BF4B-00C04F79EFBC}") = "CryptoCurrencyApi.IntegrationLayer.CoinbaseLib", "..\CoinbaseLib\CryptoCurrencyApi.IntegrationLayer.CoinbaseLib.csproj", "{C9D747AA-85B2-4D8F-9BCE-16405BAFBBDD}"
EndProject
Project("{2150E333-8FDC-42A3-9474-1A3956D46DE8}") = "CrossCuttingLayer", "CrossCuttingLayer", "{FE8342D8-1112-48C2-B131-B813033A9B29}"
EndProject
Project("{FAE04EC0-301F-11D3-BF4B-00C04F79EFBC}") = "CryptoCurrencyApi.CrossCuttingLayer", "..\CryptoCurrencyApi.CrossCuttingLayer\CryptoCurrencyApi.CrossCuttingLayer.csproj", "{50D18616-A608-442F-887A-0814914F8A07}"
EndProject
Project("{2150E333-8FDC-42A3-9474-1A3956D46DE8}") = "DataAccessLayer", "DataAccessLayer", "{9C4CC48F-146B-47C5-ADA4-2F51333D651B}"
EndProject
Project("{FAE04EC0-301F-11D3-BF4B-00C04F79EFBC}") = "CryptoCurrencyApi.DAL.EF", "..\CryptoCurrencyApi.DAL.EF\CryptoCurrencyApi.DAL.EF.csproj", "{DE3B94E7-E669-4B6E-AD71-8564F7CD7C53}"
EndProject
Global
	GlobalSection(SolutionConfigurationPlatforms) = preSolution
		Debug|Any CPU = Debug|Any CPU
		Release|Any CPU = Release|Any CPU
	EndGlobalSection
	GlobalSection(ProjectConfigurationPlatforms) = postSolution
		{FDBD16FD-F415-4741-B16A-92F9C3B826B4}.Debug|Any CPU.ActiveCfg = Debug|Any CPU
		{FDBD16FD-F415-4741-B16A-92F9C3B826B4}.Debug|Any CPU.Build.0 = Debug|Any CPU
		{FDBD16FD-F415-4741-B16A-92F9C3B826B4}.Release|Any CPU.ActiveCfg = Release|Any CPU
		{FDBD16FD-F415-4741-B16A-92F9C3B826B4}.Release|Any CPU.Build.0 = Release|Any CPU
		{C9D747AA-85B2-4D8F-9BCE-16405BAFBBDD}.Debug|Any CPU.ActiveCfg = Debug|Any CPU
		{C9D747AA-85B2-4D8F-9BCE-16405BAFBBDD}.Debug|Any CPU.Build.0 = Debug|Any CPU
		{C9D747AA-85B2-4D8F-9BCE-16405BAFBBDD}.Release|Any CPU.ActiveCfg = Release|Any CPU
		{C9D747AA-85B2-4D8F-9BCE-16405BAFBBDD}.Release|Any CPU.Build.0 = Release|Any CPU
		{50D18616-A608-442F-887A-0814914F8A07}.Debug|Any CPU.ActiveCfg = Debug|Any CPU
		{50D18616-A608-442F-887A-0814914F8A07}.Debug|Any CPU.Build.0 = Debug|Any CPU
		{50D18616-A608-442F-887A-0814914F8A07}.Release|Any CPU.ActiveCfg = Release|Any CPU
		{50D18616-A608-442F-887A-0814914F8A07}.Release|Any CPU.Build.0 = Release|Any CPU
		{DE3B94E7-E669-4B6E-AD71-8564F7CD7C53}.Debug|Any CPU.ActiveCfg = Debug|Any CPU
		{DE3B94E7-E669-4B6E-AD71-8564F7CD7C53}.Debug|Any CPU.Build.0 = Debug|Any CPU
		{DE3B94E7-E669-4B6E-AD71-8564F7CD7C53}.Release|Any CPU.ActiveCfg = Release|Any CPU
		{DE3B94E7-E669-4B6E-AD71-8564F7CD7C53}.Release|Any CPU.Build.0 = Release|Any CPU
	EndGlobalSection
	GlobalSection(SolutionProperties) = preSolution
		HideSolutionNode = FALSE
	EndGlobalSection
	GlobalSection(NestedProjects) = preSolution
		{C9D747AA-85B2-4D8F-9BCE-16405BAFBBDD} = {754C0997-EC60-4196-BECE-1E58ADCC167B}
		{50D18616-A608-442F-887A-0814914F8A07} = {FE8342D8-1112-48C2-B131-B813033A9B29}
		{DE3B94E7-E669-4B6E-AD71-8564F7CD7C53} = {9C4CC48F-146B-47C5-ADA4-2F51333D651B}
	EndGlobalSection
	GlobalSection(ExtensibilityGlobals) = postSolution
		SolutionGuid = {A6DD33C8-8B6B-450B-A507-F5DC3C7807D5}
	EndGlobalSection
EndGlobal
